
Microsoft Visual Studio Solution File, Format Version 12.00
# Visual Studio Version 16
VisualStudioVersion = 16.0.32802.440
MinimumVisualStudioVersion = 10.0.40219.1
Project("{E24C65DC-7377-472B-9ABA-BC803B73C61A}") = "hw08", "http://localhost:50350", "{CCABDE83-5408-4B17-B101-C063BA0E51CE}"
	ProjectSection(WebsiteProperties) = preProject
		UseIISExpress = "true"
		TargetFrameworkMoniker = ".NETFramework,Version%3Dv4.0"
		Debug.AspNetCompiler.VirtualPath = "/localhost_50350"
		Debug.AspNetCompiler.PhysicalPath = "..\hw08\"
		Debug.AspNetCompiler.TargetPath = "PrecompiledWeb\localhost_50350\"
		Debug.AspNetCompiler.Updateable = "true"
		Debug.AspNetCompiler.ForceOverwrite = "true"
		Debug.AspNetCompiler.FixedNames = "false"
		Debug.AspNetCompiler.Debug = "True"
		Release.AspNetCompiler.VirtualPath = "/localhost_50350"
		Release.AspNetCompiler.PhysicalPath = "..\hw08\"
		Release.AspNetCompiler.TargetPath = "PrecompiledWeb\localhost_50350\"
		Release.AspNetCompiler.Updateable = "true"
		Release.AspNetCompiler.ForceOverwrite = "true"
		Release.AspNetCompiler.FixedNames = "false"
		Release.AspNetCompiler.Debug = "False"
		SlnRelativePath = "..\hw08\"
	EndProjectSection
EndProject
Global
	GlobalSection(SolutionConfigurationPlatforms) = preSolution
		Debug|Any CPU = Debug|Any CPU
	EndGlobalSection
	GlobalSection(ProjectConfigurationPlatforms) = postSolution
		{CCABDE83-5408-4B17-B101-C063BA0E51CE}.Debug|Any CPU.ActiveCfg = Debug|Any CPU
		{CCABDE83-5408-4B17-B101-C063BA0E51CE}.Debug|Any CPU.Build.0 = Debug|Any CPU
	EndGlobalSection
	GlobalSection(SolutionProperties) = preSolution
		HideSolutionNode = FALSE
	EndGlobalSection
	GlobalSection(ExtensibilityGlobals) = postSolution
		SolutionGuid = {D95E9EEB-2A51-469B-9E62-0B9245F9ECC4}
	EndGlobalSection
EndGlobal
